
Microsoft Visual Studio Solution File, Format Version 12.00
# Visual Studio Version 16
VisualStudioVersion = 16.0.32929.386
MinimumVisualStudioVersion = 10.0.40219.1
Project("{FAE04EC0-301F-11D3-BF4B-00C04F79EFBC}") = "CRUDandSearch", "CRUDandSearch\CRUDandSearch.csproj", "{35259528-7EDF-477F-897B-08CF3F92A09C}"
EndProject
Global
	GlobalSection(SolutionConfigurationPlatforms) = preSolution
		Debug|Any CPU = Debug|Any CPU
		Release|Any CPU = Release|Any CPU
	EndGlobalSection
	GlobalSection(ProjectConfigurationPlatforms) = postSolution
		{35259528-7EDF-477F-897B-08CF3F92A09C}.Debug|Any CPU.ActiveCfg = Debug|Any CPU
		{35259528-7EDF-477F-897B-08CF3F92A09C}.Debug|Any CPU.Build.0 = Debug|Any CPU
		{35259528-7EDF-477F-897B-08CF3F92A09C}.Release|Any CPU.ActiveCfg = Release|Any CPU
		{35259528-7EDF-477F-897B-08CF3F92A09C}.Release|Any CPU.Build.0 = Release|Any CPU
	EndGlobalSection
	GlobalSection(SolutionProperties) = preSolution
		HideSolutionNode = FALSE
	EndGlobalSection
	GlobalSection(ExtensibilityGlobals) = postSolution
		SolutionGuid = {4B421F62-F554-4B50-8E3F-595E2C3A56B0}
	EndGlobalSection
EndGlobal
